
Microsoft Visual Studio Solution File, Format Version 12.00
# Visual Studio 15
VisualStudioVersion = 15.0.26228.9
MinimumVisualStudioVersion = 10.0.40219.1
Project("{9A19103F-16F7-4668-BE54-9A1E7A4F7556}") = "FluentColorConsole", "FluentColorConsole\FluentColorConsole.csproj", "{F41A0E14-2764-44DF-A230-EA91F63E2698}"
EndProject
Project("{9A19103F-16F7-4668-BE54-9A1E7A4F7556}") = "FluentColorConsole.Demo", "FluentColorConsole.Demo\FluentColorConsole.Demo.csproj", "{D5417EB5-30E6-418F-A5CB-B27A5FFE7D37}"
EndProject
Global
	GlobalSection(SolutionConfigurationPlatforms) = preSolution
		Debug|Any CPU = Debug|Any CPU
		Release|Any CPU = Release|Any CPU
	EndGlobalSection
	GlobalSection(ProjectConfigurationPlatforms) = postSolution
		{F41A0E14-2764-44DF-A230-EA91F63E2698}.Debug|Any CPU.ActiveCfg = Debug|Any CPU
		{F41A0E14-2764-44DF-A230-EA91F63E2698}.Debug|Any CPU.Build.0 = Debug|Any CPU
		{F41A0E14-2764-44DF-A230-EA91F63E2698}.Release|Any CPU.ActiveCfg = Release|Any CPU
		{F41A0E14-2764-44DF-A230-EA91F63E2698}.Release|Any CPU.Build.0 = Release|Any CPU
		{D5417EB5-30E6-418F-A5CB-B27A5FFE7D37}.Debug|Any CPU.ActiveCfg = Debug|Any CPU
		{D5417EB5-30E6-418F-A5CB-B27A5FFE7D37}.Debug|Any CPU.Build.0 = Debug|Any CPU
		{D5417EB5-30E6-418F-A5CB-B27A5FFE7D37}.Release|Any CPU.ActiveCfg = Release|Any CPU
		{D5417EB5-30E6-418F-A5CB-B27A5FFE7D37}.Release|Any CPU.Build.0 = Release|Any CPU
	EndGlobalSection
	GlobalSection(SolutionProperties) = preSolution
		HideSolutionNode = FALSE
	EndGlobalSection
EndGlobal
